
Microsoft Visual Studio Solution File, Format Version 11.00
# Visual Studio 2010
Project("{FAE04EC0-301F-11D3-BF4B-00C04F79EFBC}") = "to-do-list", "to-do-list\to-do-list.csproj", "{921F7AB8-72BD-41DF-81C6-F7EB99DCB319}"
EndProject
Global
	GlobalSection(SolutionConfigurationPlatforms) = preSolution
		Debug|iPhoneSimulator = Debug|iPhoneSimulator
		Release|iPhoneSimulator = Release|iPhoneSimulator
		Debug|iPhone = Debug|iPhone
		Release|iPhone = Release|iPhone
	EndGlobalSection
	GlobalSection(ProjectConfigurationPlatforms) = postSolution
		{921F7AB8-72BD-41DF-81C6-F7EB99DCB319}.Debug|iPhone.ActiveCfg = Debug|iPhone
		{921F7AB8-72BD-41DF-81C6-F7EB99DCB319}.Debug|iPhone.Build.0 = Debug|iPhone
		{921F7AB8-72BD-41DF-81C6-F7EB99DCB319}.Debug|iPhoneSimulator.ActiveCfg = Debug|iPhoneSimulator
		{921F7AB8-72BD-41DF-81C6-F7EB99DCB319}.Debug|iPhoneSimulator.Build.0 = Debug|iPhoneSimulator
		{921F7AB8-72BD-41DF-81C6-F7EB99DCB319}.Release|iPhone.ActiveCfg = Release|iPhone
		{921F7AB8-72BD-41DF-81C6-F7EB99DCB319}.Release|iPhone.Build.0 = Release|iPhone
		{921F7AB8-72BD-41DF-81C6-F7EB99DCB319}.Release|iPhoneSimulator.ActiveCfg = Release|iPhoneSimulator
		{921F7AB8-72BD-41DF-81C6-F7EB99DCB319}.Release|iPhoneSimulator.Build.0 = Release|iPhoneSimulator
	EndGlobalSection
	GlobalSection(MonoDevelopProperties) = preSolution
		StartupItem = to-do-list\to-do-list.csproj
	EndGlobalSection
EndGlobal
